
Microsoft Visual Studio Solution File, Format Version 12.00
# Visual Studio 15
VisualStudioVersion = 15.0.27130.2026
MinimumVisualStudioVersion = 10.0.40219.1
Project("{FAE04EC0-301F-11D3-BF4B-00C04F79EFBC}") = "PhoneBook", "PhoneBook\PhoneBook.csproj", "{BABA93DB-285A-4A8F-AB58-969498B781CB}"
EndProject
Project("{FAE04EC0-301F-11D3-BF4B-00C04F79EFBC}") = "Ex_2", "Ex_2\Ex_2.csproj", "{35EC7656-E9D1-4EC8-BFCB-9D2E8B891042}"
EndProject
Global
	GlobalSection(SolutionConfigurationPlatforms) = preSolution
		Debug|Any CPU = Debug|Any CPU
		Release|Any CPU = Release|Any CPU
	EndGlobalSection
	GlobalSection(ProjectConfigurationPlatforms) = postSolution
		{BABA93DB-285A-4A8F-AB58-969498B781CB}.Debug|Any CPU.ActiveCfg = Debug|Any CPU
		{BABA93DB-285A-4A8F-AB58-969498B781CB}.Debug|Any CPU.Build.0 = Debug|Any CPU
		{BABA93DB-285A-4A8F-AB58-969498B781CB}.Release|Any CPU.ActiveCfg = Release|Any CPU
		{BABA93DB-285A-4A8F-AB58-969498B781CB}.Release|Any CPU.Build.0 = Release|Any CPU
		{35EC7656-E9D1-4EC8-BFCB-9D2E8B891042}.Debug|Any CPU.ActiveCfg = Debug|Any CPU
		{35EC7656-E9D1-4EC8-BFCB-9D2E8B891042}.Debug|Any CPU.Build.0 = Debug|Any CPU
		{35EC7656-E9D1-4EC8-BFCB-9D2E8B891042}.Release|Any CPU.ActiveCfg = Release|Any CPU
		{35EC7656-E9D1-4EC8-BFCB-9D2E8B891042}.Release|Any CPU.Build.0 = Release|Any CPU
	EndGlobalSection
	GlobalSection(SolutionProperties) = preSolution
		HideSolutionNode = FALSE
	EndGlobalSection
	GlobalSection(ExtensibilityGlobals) = postSolution
		SolutionGuid = {C95B1E68-4D3E-4B70-B3EB-753A1964A967}
	EndGlobalSection
EndGlobal
